// !$*UTF8*$!
{
	archiveVersion = 1;
	classes = {
	};
	objectVersion = 50;
	objects = {

/* Begin PBXBuildFile section */
		048B1E0E23D55607009930F9 /* AppDelegate.swift in Sources */ = {isa = PBXBuildFile; fileRef = 048B1E0D23D55607009930F9 /* AppDelegate.swift */; };
		048B1E1023D55607009930F9 /* SceneDelegate.swift in Sources */ = {isa = PBXBuildFile; fileRef = 048B1E0F23D55607009930F9 /* SceneDelegate.swift */; };
		048B1E1223D55607009930F9 /* ViewController.swift in Sources */ = {isa = PBXBuildFile; fileRef = 048B1E1123D55607009930F9 /* ViewController.swift */; };
		048B1E1523D55607009930F9 /* Main.storyboard in Resources */ = {isa = PBXBuildFile; fileRef = 048B1E1323D55607009930F9 /* Main.storyboard */; };
		048B1E1723D55609009930F9 /* Assets.xcassets in Resources */ = {isa = PBXBuildFile; fileRef = 048B1E1623D55609009930F9 /* Assets.xcassets */; };
		048B1E1A23D55609009930F9 /* LaunchScreen.storyboard in Resources */ = {isa = PBXBuildFile; fileRef = 048B1E1823D55609009930F9 /* LaunchScreen.storyboard */; };
		048B1E2223D5DCA3009930F9 /* ItemTableViewCell.swift in Sources */ = {isa = PBXBuildFile; fileRef = 048B1E2123D5DCA3009930F9 /* ItemTableViewCell.swift */; };
		048B1E2423D5DD93009930F9 /* Item.swift in Sources */ = {isa = PBXBuildFile; fileRef = 048B1E2323D5DD93009930F9 /* Item.swift */; };
		048B1E2623D5DE6C009930F9 /* ItemTableViewController.swift in Sources */ = {isa = PBXBuildFile; fileRef = 048B1E2523D5DE6C009930F9 /* ItemTableViewController.swift */; };
/* End PBXBuildFile section */

/* Begin PBXFileReference section */
		048B1E0A23D55607009930F9 /* sololearn_ToDoListApp.app */ = {isa = PBXFileReference; explicitFileType = wrapper.application; includeInIndex = 0; path = sololearn_ToDoListApp.app; sourceTree = BUILT_PRODUCTS_DIR; };
		048B1E0D23D55607009930F9 /* AppDelegate.swift */ = {isa = PBXFileReference; lastKnownFileType = sourcecode.swift; path = AppDelegate.swift; sourceTree = "<group>"; };
		048B1E0F23D55607009930F9 /* SceneDelegate.swift */ = {isa = PBXFileReference; lastKnownFileType = sourcecode.swift; path = SceneDelegate.swift; sourceTree = "<group>"; };
		048B1E1123D55607009930F9 /* ViewController.swift */ = {isa = PBXFileReference; lastKnownFileType = sourcecode.swift; path = ViewController.swift; sourceTree = "<group>"; };
		048B1E1423D55607009930F9 /* Base */ = {isa = PBXFileReference; lastKnownFileType = file.storyboard; name = Base; path = Base.lproj/Main.storyboard; sourceTree = "<group>"; };
		048B1E1623D55609009930F9 /* Assets.xcassets */ = {isa = PBXFileReference; lastKnownFileType = folder.assetcatalog; path = Assets.xcassets; sourceTree = "<group>"; };
		048B1E1923D55609009930F9 /* Base */ = {isa = PBXFileReference; lastKnownFileType = file.storyboard; name = Base; path = Base.lproj/LaunchScreen.storyboard; sourceTree = "<group>"; };
		048B1E1B23D55609009930F9 /* Info.plist */ = {isa = PBXFileReference; lastKnownFileType = text.plist.xml; path = Info.plist; sourceTree = "<group>"; };
		048B1E2123D5DCA3009930F9 /* ItemTableViewCell.swift */ = {isa = PBXFileReference; lastKnownFileType = sourcecode.swift; path = ItemTableViewCell.swift; sourceTree = "<group>"; };
		048B1E2323D5DD93009930F9 /* Item.swift */ = {isa = PBXFileReference; lastKnownFileType = sourcecode.swift; path = Item.swift; sourceTree = "<group>"; };
		048B1E2523D5DE6C009930F9 /* ItemTableViewController.swift */ = {isa = PBXFileReference; lastKnownFileType = sourcecode.swift; path = ItemTableViewController.swift; sourceTree = "<group>"; };
/* End PBXFileReference section */

/* Begin PBXFrameworksBuildPhase section */
		048B1E0723D55607009930F9 /* Frameworks */ = {
			isa = PBXFrameworksBuildPhase;
			buildActionMask = 2147483647;
			files = (
			);
			runOnlyForDeploymentPostprocessing = 0;
		};
/* End PBXFrameworksBuildPhase section */

/* Begin PBXGroup section */
		048B1E0123D55607009930F9 = {
			isa = PBXGroup;
			children = (
				048B1E0C23D55607009930F9 /* sololearn_ToDoListApp */,
				048B1E0B23D55607009930F9 /* Products */,
			);
			sourceTree = "<group>";
		};
		048B1E0B23D55607009930F9 /* Products */ = {
			isa = PBXGroup;
			children = (
				048B1E0A23D55607009930F9 /* sololearn_ToDoListApp.app */,
			);
			name = Products;
			sourceTree = "<group>";
		};
		048B1E0C23D55607009930F9 /* sololearn_ToDoListApp */ = {
			isa = PBXGroup;
			children = (
				048B1E0D23D55607009930F9 /* AppDelegate.swift */,
				048B1E0F23D55607009930F9 /* SceneDelegate.swift */,
				048B1E1123D55607009930F9 /* ViewController.swift */,
				048B1E1323D55607009930F9 /* Main.storyboard */,
				048B1E2323D5DD93009930F9 /* Item.swift */,
				048B1E2523D5DE6C009930F9 /* ItemTableViewController.swift */,
				048B1E2123D5DCA3009930F9 /* ItemTableViewCell.swift */,
				048B1E1623D55609009930F9 /* Assets.xcassets */,
				048B1E1823D55609009930F9 /* LaunchScreen.storyboard */,
				048B1E1B23D55609009930F9 /* Info.plist */,
			);
			path = sololearn_ToDoListApp;
			sourceTree = "<group>";
		};
/* End PBXGroup section */

/* Begin PBXNativeTarget section */
		048B1E0923D55607009930F9 /* sololearn_ToDoListApp */ = {
			isa = PBXNativeTarget;
			buildConfigurationList = 048B1E1E23D55609009930F9 /* Build configuration list for PBXNativeTarget "sololearn_ToDoListApp" */;
			buildPhases = (
				048B1E0623D55607009930F9 /* Sources */,
				048B1E0723D55607009930F9 /* Frameworks */,
				048B1E0823D55607009930F9 /* Resources */,
			);
			buildRules = (
			);
			dependencies = (
			);
			name = sololearn_ToDoListApp;
			productName = sololearn_ToDoListApp;
			productReference = 048B1E0A23D55607009930F9 /* sololearn_ToDoListApp.app */;
			productType = "com.apple.product-type.application";
		};
/* End PBXNativeTarget section */

/* Begin PBXProject section */
		048B1E0223D55607009930F9 /* Project object */ = {
			isa = PBXProject;
			attributes = {
				LastSwiftUpdateCheck = 1130;
				LastUpgradeCheck = 1130;
				ORGANIZATIONNAME = "Gera Volobuev";
				TargetAttributes = {
					048B1E0923D55607009930F9 = {
						CreatedOnToolsVersion = 11.3.1;
					};
				};
			};
			buildConfigurationList = 048B1E0523D55607009930F9 /* Build configuration list for PBXProject "sololearn_ToDoListApp" */;
			compatibilityVersion = "Xcode 9.3";
			developmentRegion = en;
			hasScannedForEncodings = 0;
			knownRegions = (
				en,
				Base,
			);
			mainGroup = 048B1E0123D55607009930F9;
			productRefGroup = 048B1E0B23D55607009930F9 /* Products */;
			projectDirPath = "";
			projectRoot = "";
			targets = (
				048B1E0923D55607009930F9 /* sololearn_ToDoListApp */,
			);
		};
/* End PBXProject section */

/* Begin PBXResourcesBuildPhase section */
		048B1E0823D55607009930F9 /* Resources */ = {
			isa = PBXResourcesBuildPhase;
			buildActionMask = 2147483647;
			files = (
				048B1E1A23D55609009930F9 /* LaunchScreen.storyboard in Resources */,
				048B1E1723D55609009930F9 /* Assets.xcassets in Resources */,
				048B1E1523D55607009930F9 /* Main.storyboard in Resources */,
			);
			runOnlyForDeploymentPostprocessing = 0;
		};
/* End PBXResourcesBuildPhase section */

/* Begin PBXSourcesBuildPhase section */
		048B1E0623D55607009930F9 /* Sources */ = {
			isa = PBXSourcesBuildPhase;
			buildActionMask = 2147483647;
			files = (
				048B1E2423D5DD93009930F9 /* Item.swift in Sources */,
				048B1E2223D5DCA3009930F9 /* ItemTableViewCell.swift in Sources */,
				048B1E1223D55607009930F9 /* ViewController.swift in Sources */,
				048B1E0E23D55607009930F9 /* AppDelegate.swift in Sources */,
				048B1E2623D5DE6C009930F9 /* ItemTableViewController.swift in Sources */,
				048B1E1023D55607009930F9 /* SceneDelegate.swift in Sources */,
			);
			runOnlyForDeploymentPostprocessing = 0;
		};
/* End PBXSourcesBuildPhase section */

/* Begin PBXVariantGroup section */
		048B1E1323D55607009930F9 /* Main.storyboard */ = {
			isa = PBXVariantGroup;
			children = (
				048B1E1423D55607009930F9 /* Base */,
			);
			name = Main.storyboard;
			sourceTree = "<group>";
		};
		048B1E1823D55609009930F9 /* LaunchScreen.storyboard */ = {
			isa = PBXVariantGroup;
			children = (
				048B1E1923D55609009930F9 /* Base */,
			);
			name = LaunchScreen.storyboard;
			sourceTree = "<group>";
		};
/* End PBXVariantGroup section */

/* Begin XCBuildConfiguration section */
		048B1E1C23D55609009930F9 /* Debug */ = {
			isa = XCBuildConfiguration;
			buildSettings = {
				ALWAYS_SEARCH_USER_PATHS = NO;
				CLANG_ANALYZER_NONNULL = YES;
				CLANG_ANALYZER_NUMBER_OBJECT_CONVERSION = YES_AGGRESSIVE;
				CLANG_CXX_LANGUAGE_STANDARD = "gnu++14";
				CLANG_CXX_LIBRARY = "libc++";
				CLANG_ENABLE_MODULES = YES;
				CLANG_ENABLE_OBJC_ARC = YES;
				CLANG_ENABLE_OBJC_WEAK = YES;
				CLANG_WARN_BLOCK_CAPTURE_AUTORELEASING = YES;
				CLANG_WARN_BOOL_CONVERSION = YES;
				CLANG_WARN_COMMA = YES;
				CLANG_WARN_CONSTANT_CONVERSION = YES;
				CLANG_WARN_DEPRECATED_OBJC_IMPLEMENTATIONS = YES;
				CLANG_WARN_DIRECT_OBJC_ISA_USAGE = YES_ERROR;
				CLANG_WARN_DOCUMENTATION_COMMENTS = YES;
				CLANG_WARN_EMPTY_BODY = YES;
				CLANG_WARN_ENUM_CONVERSION = YES;
				CLANG_WARN_INFINITE_RECURSION = YES;
				CLANG_WARN_INT_CONVERSION = YES;
				CLANG_WARN_NON_LITERAL_NULL_CONVERSION = YES;
				CLANG_WARN_OBJC_IMPLICIT_RETAIN_SELF = YES;
				CLANG_WARN_OBJC_LITERAL_CONVERSION = YES;
				CLANG_WARN_OBJC_ROOT_CLASS = YES_ERROR;
				CLANG_WARN_RANGE_LOOP_ANALYSIS = YES;
				CLANG_WARN_STRICT_PROTOTYPES = YES;
				CLANG_WARN_SUSPICIOUS_MOVE = YES;
				CLANG_WARN_UNGUARDED_AVAILABILITY = YES_AGGRESSIVE;
				CLANG_WARN_UNREACHABLE_CODE = YES;
				CLANG_WARN__DUPLICATE_METHOD_MATCH = YES;
				COPY_PHASE_STRIP = NO;
				DEBUG_INFORMATION_FORMAT = dwarf;
				ENABLE_STRICT_OBJC_MSGSEND = YES;
				ENABLE_TESTABILITY = YES;
				GCC_C_LANGUAGE_STANDARD = gnu11;
				GCC_DYNAMIC_NO_PIC = NO;
				GCC_NO_COMMON_BLOCKS = YES;
				GCC_OPTIMIZATION_LEVEL = 0;
				GCC_PREPROCESSOR_DEFINITIONS = (
					"DEBUG=1",
					"$(inherited)",
				);
				GCC_WARN_64_TO_32_BIT_CONVERSION = YES;
				GCC_WARN_ABOUT_RETURN_TYPE = YES_ERROR;
				GCC_WARN_UNDECLARED_SELECTOR = YES;
				GCC_WARN_UNINITIALIZED_AUTOS = YES_AGGRESSIVE;
				GCC_WARN_UNUSED_FUNCTION = YES;
				GCC_WARN_UNUSED_VARIABLE = YES;
				IPHONEOS_DEPLOYMENT_TARGET = 13.2;
				MTL_ENABLE_DEBUG_INFO = INCLUDE_SOURCE;
				MTL_FAST_MATH = YES;
				ONLY_ACTIVE_ARCH = YES;
				SDKROOT = iphoneos;
				SWIFT_ACTIVE_COMPILATION_CONDITIONS = DEBUG;
				SWIFT_OPTIMIZATION_LEVEL = "-Onone";
			};
			name = Debug;
		};
		048B1E1D23D55609009930F9 /* Release */ = {
			isa = XCBuildConfiguration;
			buildSettings = {
				ALWAYS_SEARCH_USER_PATHS = NO;
				CLANG_ANALYZER_NONNULL = YES;
				CLANG_ANALYZER_NUMBER_OBJECT_CONVERSION = YES_AGGRESSIVE;
				CLANG_CXX_LANGUAGE_STANDARD = "gnu++14";
				CLANG_CXX_LIBRARY = "libc++";
				CLANG_ENABLE_MODULES = YES;
				CLANG_ENABLE_OBJC_ARC = YES;
				CLANG_ENABLE_OBJC_WEAK = YES;
				CLANG_WARN_BLOCK_CAPTURE_AUTORELEASING = YES;
				CLANG_WARN_BOOL_CONVERSION = YES;
				CLANG_WARN_COMMA = YES;
				CLANG_WARN_CONSTANT_CONVERSION = YES;
				CLANG_WARN_DEPRECATED_OBJC_IMPLEMENTATIONS = YES;
				CLANG_WARN_DIRECT_OBJC_ISA_USAGE = YES_ERROR;
				CLANG_WARN_DOCUMENTATION_COMMENTS = YES;
				CLANG_WARN_EMPTY_BODY = YES;
				CLANG_WARN_ENUM_CONVERSION = YES;
				CLANG_WARN_INFINITE_RECURSION = YES;
				CLANG_WARN_INT_CONVERSION = YES;
				CLANG_WARN_NON_LITERAL_NULL_CONVERSION = YES;
				CLANG_WARN_OBJC_IMPLICIT_RETAIN_SELF = YES;
				CLANG_WARN_OBJC_LITERAL_CONVERSION = YES;
				CLANG_WARN_OBJC_ROOT_CLASS = YES_ERROR;
				CLANG_WARN_RANGE_LOOP_ANALYSIS = YES;
				CLANG_WARN_STRICT_PROTOTYPES = YES;
				CLANG_WARN_SUSPICIOUS_MOVE = YES;
				CLANG_WARN_UNGUARDED_AVAILABILITY = YES_AGGRESSIVE;
				CLANG_WARN_UNREACHABLE_CODE = YES;
				CLANG_WARN__DUPLICATE_METHOD_MATCH = YES;
				COPY_PHASE_STRIP = NO;
				DEBUG_INFORMATION_FORMAT = "dwarf-with-dsym";
				ENABLE_NS_ASSERTIONS = NO;
				ENABLE_STRICT_OBJC_MSGSEND = YES;
				GCC_C_LANGUAGE_STANDARD = gnu11;
				GCC_NO_COMMON_BLOCKS = YES;
				GCC_WARN_64_TO_32_BIT_CONVERSION = YES;
				GCC_WARN_ABOUT_RETURN_TYPE = YES_ERROR;
				GCC_WARN_UNDECLARED_SELECTOR = YES;
				GCC_WARN_UNINITIALIZED_AUTOS = YES_AGGRESSIVE;
				GCC_WARN_UNUSED_FUNCTION = YES;
				GCC_WARN_UNUSED_VARIABLE = YES;
				IPHONEOS_DEPLOYMENT_TARGET = 13.2;
				MTL_ENABLE_DEBUG_INFO = NO;
				MTL_FAST_MATH = YES;
				SDKROOT = iphoneos;
				SWIFT_COMPILATION_MODE = wholemodule;
				SWIFT_OPTIMIZATION_LEVEL = "-O";
				VALIDATE_PRODUCT = YES;
			};
			name = Release;
		};
		048B1E1F23D55609009930F9 /* Debug */ = {
			isa = XCBuildConfiguration;
			buildSettings = {
				ASSETCATALOG_COMPILER_APPICON_NAME = AppIcon;
				CODE_SIGN_STYLE = Automatic;
				DEVELOPMENT_TEAM = PW6HFQMW7T;
				INFOPLIST_FILE = sololearn_ToDoListApp/Info.plist;
				LD_RUNPATH_SEARCH_PATHS = (
					"$(inherited)",
					"@executable_path/Frameworks",
				);
				PRODUCT_BUNDLE_IDENTIFIER = "com.example.sololearn-ToDoListApp";
				PRODUCT_NAME = "$(TARGET_NAME)";
				SWIFT_VERSION = 5.0;
				TARGETED_DEVICE_FAMILY = "1,2";
			};
			name = Debug;
		};
		048B1E2023D55609009930F9 /* Release */ = {
			isa = XCBuildConfiguration;
			buildSettings = {
				ASSETCATALOG_COMPILER_APPICON_NAME = AppIcon;
				CODE_SIGN_STYLE = Automatic;
				DEVELOPMENT_TEAM = PW6HFQMW7T;
				INFOPLIST_FILE = sololearn_ToDoListApp/Info.plist;
				LD_RUNPATH_SEARCH_PATHS = (
					"$(inherited)",
					"@executable_path/Frameworks",
				);
				PRODUCT_BUNDLE_IDENTIFIER = "com.example.sololearn-ToDoListApp";
				PRODUCT_NAME = "$(TARGET_NAME)";
				SWIFT_VERSION = 5.0;
				TARGETED_DEVICE_FAMILY = "1,2";
			};
			name = Release;
		};
/* End XCBuildConfiguration section */

/* Begin XCConfigurationList section */
		048B1E0523D55607009930F9 /* Build configuration list for PBXProject "sololearn_ToDoListApp" */ = {
			isa = XCConfigurationList;
			buildConfigurations = (
				048B1E1C23D55609009930F9 /* Debug */,
				048B1E1D23D55609009930F9 /* Release */,
			);
			defaultConfigurationIsVisible = 0;
			defaultConfigurationName = Release;
		};
		048B1E1E23D55609009930F9 /* Build configuration list for PBXNativeTarget "sololearn_ToDoListApp" */ = {
			isa = XCConfigurationList;
			buildConfigurations = (
				048B1E1F23D55609009930F9 /* Debug */,
				048B1E2023D55609009930F9 /* Release */,
			);
			defaultConfigurationIsVisible = 0;
			defaultConfigurationName = Release;
		};
/* End XCConfigurationList section */
	};
	rootObject = 048B1E0223D55607009930F9 /* Project object */;
}
